# THIS IS AN AUTOGENERATED FILE. DO NOT EDIT THIS FILE DIRECTLY.
# yarn lockfile v1


async-validator@^4.0.1:
  version "4.0.1"
  resolved "https://registry.yarnpkg.com/async-validator/-/async-validator-4.0.1.tgz#5cf3525036efe5a74c0d4167207659829fd7b11c"
  integrity sha512-jA1y7iZeT5vm9MM4RepKRJPTxKGPOSFijdoGRXMm6kLMgj9xiXn53TYlLquLKawK+m8/5zukzL0X3HwdXR9b3A==
